
Microsoft Visual Studio Solution File, Format Version 12.00
# Visual Studio Version 17
VisualStudioVersion = 17.4.33213.308
MinimumVisualStudioVersion = 10.0.40219.1
Project("{FAE04EC0-301F-11D3-BF4B-00C04F79EFBC}") = "Cafeteria", "Cafeteria\Cafeteria.csproj", "{0487F17A-73FF-4D9F-9CAA-C2BA9FECCDFB}"
EndProject
Global
	GlobalSection(SolutionConfigurationPlatforms) = preSolution
		Debug|Any CPU = Debug|Any CPU
		Release|Any CPU = Release|Any CPU
	EndGlobalSection
	GlobalSection(ProjectConfigurationPlatforms) = postSolution
		{0487F17A-73FF-4D9F-9CAA-C2BA9FECCDFB}.Debug|Any CPU.ActiveCfg = Debug|Any CPU
		{0487F17A-73FF-4D9F-9CAA-C2BA9FECCDFB}.Debug|Any CPU.Build.0 = Debug|Any CPU
		{0487F17A-73FF-4D9F-9CAA-C2BA9FECCDFB}.Release|Any CPU.ActiveCfg = Release|Any CPU
		{0487F17A-73FF-4D9F-9CAA-C2BA9FECCDFB}.Release|Any CPU.Build.0 = Release|Any CPU
	EndGlobalSection
	GlobalSection(SolutionProperties) = preSolution
		HideSolutionNode = FALSE
	EndGlobalSection
	GlobalSection(ExtensibilityGlobals) = postSolution
		SolutionGuid = {B5FD303C-E2A4-4D5D-8B80-31888DDB151C}
	EndGlobalSection
EndGlobal
